{
  "object": {
    "pins": [
      {
        "package": "GRDB",
        "repositoryURL": "git@github.com:groue/GRDB.swift.git",
        "state": {
          "branch": null,
          "revision": "7be7e1caded0f787e513d8f4311b20bcee97f262",
          "version": "5.3.0"
        }
      },
      {
        "package": "PureSwiftUI",
        "repositoryURL": "https://github.com/CodeSlicing/pure-swift-ui.git",
        "state": {
          "branch": null,
          "revision": "1f93a0724c553b2128c780a3e05e5d0e33760557",
          "version": "2.0.4"
        }
      },
      {
        "package": "Charts",
        "repositoryURL": "https://github.com/spacenation/swiftui-charts",
        "state": {
          "branch": null,
          "revision": "0b66e5c2326e954efdcc94a9eeb699e2f2ae80a2",
          "version": "1.0.0"
        }
      },
      {
        "package": "Shapes",
        "repositoryURL": "https://github.com/swift-extensions/swiftui-shapes.git",
        "state": {
          "branch": null,
          "revision": "c58b15c37eae9bd20525c6daa93a06a689ca75cb",
          "version": "1.1.0"
        }
      }
    ]
  },
  "version": 1
}
